<?xml version="1.0" encoding="utf-8"?>
<Project ToolsVersion="4.0" xmlns="http://schemas.microsoft.com/developer/msbuild/2003">
  <ItemGroup>
    <Filter Include="Source Files">
      <UniqueIdentifier>{4FC737F1-C7A5-4376-A066-2A32D752A2FF}</UniqueIdentifier>
      <Extensions>cpp;cxx;c;def</Extensions>
    </Filter>
    <Filter Include="Header Files">
      <UniqueIdentifier>{93995380-89BD-4b04-88EB-625FBE52EBFB}</UniqueIdentifier>
      <Extensions>h</Extensions>
    </Filter>
    <Filter Include="Form Files">
      <UniqueIdentifier>{99349809-55BA-4b9d-BF79-8FDBB0286EB3}</UniqueIdentifier>
      <Extensions>ui</Extensions>
    </Filter>
    <Filter Include="Resource Files">
      <UniqueIdentifier>{D9D6E242-F8AF-46E4-B9FD-80ECBC20BA3E}</UniqueIdentifier>
      <Extensions>qrc;*</Extensions>
      <ParseFiles>false</ParseFiles>
    </Filter>
    <Filter Include="Generated Files">
      <UniqueIdentifier>{71ED8ED8-ACB9-4CE9-BBE1-E00B30144E11}</UniqueIdentifier>
      <Extensions>moc;h;cpp</Extensions>
      <SourceControlFiles>False</SourceControlFiles>
    </Filter>
    <Filter Include="Generated Files\Debug">
      <UniqueIdentifier>{7edf4505-ce5b-4553-b325-4241d7807e5e}</UniqueIdentifier>
      <Extensions>cpp;moc</Extensions>
      <SourceControlFiles>False</SourceControlFiles>
    </Filter>
    <Filter Include="Generated Files\Release">
      <UniqueIdentifier>{1aa913ca-f4a3-4b83-a63a-41b05a5b1462}</UniqueIdentifier>
      <Extensions>cpp;moc</Extensions>
      <SourceControlFiles>False</SourceControlFiles>
    </Filter>
  </ItemGroup>
  <ItemGroup>
    <ClCompile Include="main.cpp">
      <Filter>Source Files</Filter>
    </ClCompile>
    <ClCompile Include="simple_uml_editor.cpp">
      <Filter>Source Files</Filter>
    </ClCompile>
    <ClCompile Include="GeneratedFiles\Debug\moc_simple_uml_editor.cpp">
      <Filter>Generated Files\Debug</Filter>
    </ClCompile>
    <ClCompile Include="GeneratedFiles\Release\moc_simple_uml_editor.cpp">
      <Filter>Generated Files\Release</Filter>
    </ClCompile>
    <ClCompile Include="GeneratedFiles\qrc_simple_uml_editor.cpp">
      <Filter>Generated Files</Filter>
    </ClCompile>
    <ClCompile Include="UMLgraphicscene.cpp">
      <Filter>Source Files</Filter>
    </ClCompile>
    <ClCompile Include="GeneratedFiles\Debug\moc_UMLgraphicscene.cpp">
      <Filter>Generated Files\Debug</Filter>
    </ClCompile>
    <ClCompile Include="GeneratedFiles\Release\moc_UMLgraphicscene.cpp">
      <Filter>Generated Files\Release</Filter>
    </ClCompile>
    <ClCompile Include="baseobject.cpp">
      <Filter>Source Files</Filter>
    </ClCompile>
    <ClCompile Include="classobject.cpp">
      <Filter>Source Files</Filter>
    </ClCompile>
    <ClCompile Include="usecaseobject.cpp">
      <Filter>Source Files</Filter>
    </ClCompile>
    <ClCompile Include="item_model.cpp">
      <Filter>Source Files</Filter>
    </ClCompile>
    <ClCompile Include="select_model.cpp">
      <Filter>Source Files</Filter>
    </ClCompile>
    <ClCompile Include="node.cpp">
      <Filter>Source Files</Filter>
    </ClCompile>
    <ClCompile Include="baselink.cpp">
      <Filter>Source Files</Filter>
    </ClCompile>
    <ClCompile Include="link_model.cpp">
      <Filter>Source Files</Filter>
    </ClCompile>
    <ClCompile Include="compositionlink.cpp">
      <Filter>Source Files</Filter>
    </ClCompile>
    <ClCompile Include="generalizationlink.cpp">
      <Filter>Source Files</Filter>
    </ClCompile>
    <ClCompile Include="ItemGroup.cpp">
      <Filter>Source Files</Filter>
    </ClCompile>
  </ItemGroup>
  <ItemGroup>
    <CustomBuild Include="simple_uml_editor.h">
      <Filter>Header Files</Filter>
    </CustomBuild>
    <CustomBuild Include="simple_uml_editor.ui">
      <Filter>Form Files</Filter>
    </CustomBuild>
    <CustomBuild Include="simple_uml_editor.qrc">
      <Filter>Resource Files</Filter>
    </CustomBuild>
    <CustomBuild Include="UMLgraphicscene.h">
      <Filter>Header Files</Filter>
    </CustomBuild>
    <CustomBuild Include="baseobject.h">
      <Filter>Header Files</Filter>
    </CustomBuild>
  </ItemGroup>
  <ItemGroup>
    <ClInclude Include="GeneratedFiles\ui_simple_uml_editor.h">
      <Filter>Generated Files</Filter>
    </ClInclude>
    <ClInclude Include="classobject.h">
      <Filter>Header Files</Filter>
    </ClInclude>
    <ClInclude Include="usecaseobject.h">
      <Filter>Header Files</Filter>
    </ClInclude>
    <ClInclude Include="enum.h">
      <Filter>Header Files</Filter>
    </ClInclude>
    <ClInclude Include="item_model.h">
      <Filter>Header Files</Filter>
    </ClInclude>
    <ClInclude Include="create_object.h">
      <Filter>Header Files</Filter>
    </ClInclude>
    <ClInclude Include="select_model.h">
      <Filter>Header Files</Filter>
    </ClInclude>
    <ClInclude Include="node.h">
      <Filter>Header Files</Filter>
    </ClInclude>
    <ClInclude Include="baselink.h">
      <Filter>Header Files</Filter>
    </ClInclude>
    <ClInclude Include="link_model.h">
      <Filter>Header Files</Filter>
    </ClInclude>
    <ClInclude Include="create_link.h">
      <Filter>Header Files</Filter>
    </ClInclude>
    <ClInclude Include="near_node.h">
      <Filter>Header Files</Filter>
    </ClInclude>
    <ClInclude Include="compositionlink.h">
      <Filter>Header Files</Filter>
    </ClInclude>
    <ClInclude Include="generalizationlink.h">
      <Filter>Header Files</Filter>
    </ClInclude>
    <ClInclude Include="ItemGroup.h">
      <Filter>Header Files</Filter>
    </ClInclude>
  </ItemGroup>
</Project>